
Microsoft Visual Studio Solution File, Format Version 12.00
# Visual Studio 15
Project("{FAE04EC0-301F-11D3-BF4B-00C04F79EFBC}") = "ace-air-fighter", "ace-air-fighter.csproj", "{7827B47F-4D78-C52E-9913-54793DBBAA3C}"
EndProject
Project("{FAE04EC0-301F-11D3-BF4B-00C04F79EFBC}") = "ace-air-fighter.Editor", "ace-air-fighter.Editor.csproj", "{CC98AF39-A1F1-7278-14FF-9569F3452080}"
EndProject
Global
	GlobalSection(SolutionConfigurationPlatforms) = preSolution
		Debug|Any CPU = Debug|Any CPU
		Release|Any CPU = Release|Any CPU
	EndGlobalSection
	GlobalSection(ProjectConfigurationPlatforms) = postSolution
		{7827B47F-4D78-C52E-9913-54793DBBAA3C}.Debug|Any CPU.ActiveCfg = Debug|Any CPU
		{7827B47F-4D78-C52E-9913-54793DBBAA3C}.Debug|Any CPU.Build.0 = Debug|Any CPU
		{7827B47F-4D78-C52E-9913-54793DBBAA3C}.Release|Any CPU.ActiveCfg = Release|Any CPU
		{7827B47F-4D78-C52E-9913-54793DBBAA3C}.Release|Any CPU.Build.0 = Release|Any CPU
		{CC98AF39-A1F1-7278-14FF-9569F3452080}.Debug|Any CPU.ActiveCfg = Debug|Any CPU
		{CC98AF39-A1F1-7278-14FF-9569F3452080}.Debug|Any CPU.Build.0 = Debug|Any CPU
		{CC98AF39-A1F1-7278-14FF-9569F3452080}.Release|Any CPU.ActiveCfg = Release|Any CPU
		{CC98AF39-A1F1-7278-14FF-9569F3452080}.Release|Any CPU.Build.0 = Release|Any CPU
	EndGlobalSection
	GlobalSection(SolutionProperties) = preSolution
		HideSolutionNode = FALSE
	EndGlobalSection
EndGlobal
